
Microsoft Visual Studio Solution File, Format Version 12.00
# Visual Studio Version 17
VisualStudioVersion = 17.0.31612.314
MinimumVisualStudioVersion = 10.0.40219.1
Project("{8BC9CEB8-8B4A-11D0-8D11-00A0C91BC942}") = "number pairs", "number pairs\number pairs.vcxproj", "{04434925-85B4-486E-AA97-6B54540E3756}"
EndProject
Global
	GlobalSection(SolutionConfigurationPlatforms) = preSolution
		Debug|x64 = Debug|x64
		Debug|x86 = Debug|x86
		Release|x64 = Release|x64
		Release|x86 = Release|x86
	EndGlobalSection
	GlobalSection(ProjectConfigurationPlatforms) = postSolution
		{04434925-85B4-486E-AA97-6B54540E3756}.Debug|x64.ActiveCfg = Debug|x64
		{04434925-85B4-486E-AA97-6B54540E3756}.Debug|x64.Build.0 = Debug|x64
		{04434925-85B4-486E-AA97-6B54540E3756}.Debug|x86.ActiveCfg = Debug|Win32
		{04434925-85B4-486E-AA97-6B54540E3756}.Debug|x86.Build.0 = Debug|Win32
		{04434925-85B4-486E-AA97-6B54540E3756}.Release|x64.ActiveCfg = Release|x64
		{04434925-85B4-486E-AA97-6B54540E3756}.Release|x64.Build.0 = Release|x64
		{04434925-85B4-486E-AA97-6B54540E3756}.Release|x86.ActiveCfg = Release|Win32
		{04434925-85B4-486E-AA97-6B54540E3756}.Release|x86.Build.0 = Release|Win32
	EndGlobalSection
	GlobalSection(SolutionProperties) = preSolution
		HideSolutionNode = FALSE
	EndGlobalSection
	GlobalSection(ExtensibilityGlobals) = postSolution
		SolutionGuid = {3205D38F-BEB0-4817-9E40-02AC09FADD84}
	EndGlobalSection
EndGlobal
